// !$*UTF8*$!
{
	archiveVersion = 1;
	classes = {
	};
	objectVersion = 50;
	objects = {

/* Begin PBXBuildFile section */
		AB411CEE269F6CA0002A0F9F /* AppDelegate.swift in Sources */ = {isa = PBXBuildFile; fileRef = AB411CED269F6CA0002A0F9F /* AppDelegate.swift */; };
		AB411CF0269F6CA0002A0F9F /* SceneDelegate.swift in Sources */ = {isa = PBXBuildFile; fileRef = AB411CEF269F6CA0002A0F9F /* SceneDelegate.swift */; };
		AB411CF2269F6CA0002A0F9F /* ViewController.swift in Sources */ = {isa = PBXBuildFile; fileRef = AB411CF1269F6CA0002A0F9F /* ViewController.swift */; };
		AB411CF5269F6CA0002A0F9F /* Main.storyboard in Resources */ = {isa = PBXBuildFile; fileRef = AB411CF3269F6CA0002A0F9F /* Main.storyboard */; };
		AB411CF7269F6CA3002A0F9F /* Assets.xcassets in Resources */ = {isa = PBXBuildFile; fileRef = AB411CF6269F6CA3002A0F9F /* Assets.xcassets */; };
		AB411CFA269F6CA3002A0F9F /* LaunchScreen.storyboard in Resources */ = {isa = PBXBuildFile; fileRef = AB411CF8269F6CA3002A0F9F /* LaunchScreen.storyboard */; };
		AB411D03269F6CF8002A0F9F /* Exercise.swift in Sources */ = {isa = PBXBuildFile; fileRef = AB411D02269F6CF8002A0F9F /* Exercise.swift */; };
		AB411D06269F6D45002A0F9F /* Jumping.swift in Sources */ = {isa = PBXBuildFile; fileRef = AB411D05269F6D45002A0F9F /* Jumping.swift */; };
		AB411D09269F6DAB002A0F9F /* Squarts.swift in Sources */ = {isa = PBXBuildFile; fileRef = AB411D08269F6DAB002A0F9F /* Squarts.swift */; };
		AB411D0D269F6E34002A0F9F /* FactoryExercise.swift in Sources */ = {isa = PBXBuildFile; fileRef = AB411D0C269F6E34002A0F9F /* FactoryExercise.swift */; };
/* End PBXBuildFile section */

/* Begin PBXFileReference section */
		AB411CEA269F6CA0002A0F9F /* FactoryMethod.app */ = {isa = PBXFileReference; explicitFileType = wrapper.application; includeInIndex = 0; path = FactoryMethod.app; sourceTree = BUILT_PRODUCTS_DIR; };
		AB411CED269F6CA0002A0F9F /* AppDelegate.swift */ = {isa = PBXFileReference; lastKnownFileType = sourcecode.swift; path = AppDelegate.swift; sourceTree = "<group>"; };
		AB411CEF269F6CA0002A0F9F /* SceneDelegate.swift */ = {isa = PBXFileReference; lastKnownFileType = sourcecode.swift; path = SceneDelegate.swift; sourceTree = "<group>"; };
		AB411CF1269F6CA0002A0F9F /* ViewController.swift */ = {isa = PBXFileReference; lastKnownFileType = sourcecode.swift; path = ViewController.swift; sourceTree = "<group>"; };
		AB411CF4269F6CA0002A0F9F /* Base */ = {isa = PBXFileReference; lastKnownFileType = file.storyboard; name = Base; path = Base.lproj/Main.storyboard; sourceTree = "<group>"; };
		AB411CF6269F6CA3002A0F9F /* Assets.xcassets */ = {isa = PBXFileReference; lastKnownFileType = folder.assetcatalog; path = Assets.xcassets; sourceTree = "<group>"; };
		AB411CF9269F6CA3002A0F9F /* Base */ = {isa = PBXFileReference; lastKnownFileType = file.storyboard; name = Base; path = Base.lproj/LaunchScreen.storyboard; sourceTree = "<group>"; };
		AB411CFB269F6CA3002A0F9F /* Info.plist */ = {isa = PBXFileReference; lastKnownFileType = text.plist.xml; path = Info.plist; sourceTree = "<group>"; };
		AB411D02269F6CF8002A0F9F /* Exercise.swift */ = {isa = PBXFileReference; lastKnownFileType = sourcecode.swift; path = Exercise.swift; sourceTree = "<group>"; };
		AB411D05269F6D45002A0F9F /* Jumping.swift */ = {isa = PBXFileReference; lastKnownFileType = sourcecode.swift; path = Jumping.swift; sourceTree = "<group>"; };
		AB411D08269F6DAB002A0F9F /* Squarts.swift */ = {isa = PBXFileReference; lastKnownFileType = sourcecode.swift; path = Squarts.swift; sourceTree = "<group>"; };
		AB411D0C269F6E34002A0F9F /* FactoryExercise.swift */ = {isa = PBXFileReference; lastKnownFileType = sourcecode.swift; path = FactoryExercise.swift; sourceTree = "<group>"; };
/* End PBXFileReference section */

/* Begin PBXFrameworksBuildPhase section */
		AB411CE7269F6CA0002A0F9F /* Frameworks */ = {
			isa = PBXFrameworksBuildPhase;
			buildActionMask = 2147483647;
			files = (
			);
			runOnlyForDeploymentPostprocessing = 0;
		};
/* End PBXFrameworksBuildPhase section */

/* Begin PBXGroup section */
		AB411CE1269F6CA0002A0F9F = {
			isa = PBXGroup;
			children = (
				AB411CEC269F6CA0002A0F9F /* FactoryMethod */,
				AB411CEB269F6CA0002A0F9F /* Products */,
			);
			sourceTree = "<group>";
		};
		AB411CEB269F6CA0002A0F9F /* Products */ = {
			isa = PBXGroup;
			children = (
				AB411CEA269F6CA0002A0F9F /* FactoryMethod.app */,
			);
			name = Products;
			sourceTree = "<group>";
		};
		AB411CEC269F6CA0002A0F9F /* FactoryMethod */ = {
			isa = PBXGroup;
			children = (
				AB411CED269F6CA0002A0F9F /* AppDelegate.swift */,
				AB411CEF269F6CA0002A0F9F /* SceneDelegate.swift */,
				AB411CF1269F6CA0002A0F9F /* ViewController.swift */,
				AB411D0B269F6E1C002A0F9F /* Exercise */,
				AB411CF3269F6CA0002A0F9F /* Main.storyboard */,
				AB411CF6269F6CA3002A0F9F /* Assets.xcassets */,
				AB411CF8269F6CA3002A0F9F /* LaunchScreen.storyboard */,
				AB411CFB269F6CA3002A0F9F /* Info.plist */,
				AB411D0C269F6E34002A0F9F /* FactoryExercise.swift */,
			);
			path = FactoryMethod;
			sourceTree = "<group>";
		};
		AB411D0B269F6E1C002A0F9F /* Exercise */ = {
			isa = PBXGroup;
			children = (
				AB411D05269F6D45002A0F9F /* Jumping.swift */,
				AB411D08269F6DAB002A0F9F /* Squarts.swift */,
				AB411D02269F6CF8002A0F9F /* Exercise.swift */,
			);
			path = Exercise;
			sourceTree = "<group>";
		};
/* End PBXGroup section */

/* Begin PBXNativeTarget section */
		AB411CE9269F6CA0002A0F9F /* FactoryMethod */ = {
			isa = PBXNativeTarget;
			buildConfigurationList = AB411CFE269F6CA3002A0F9F /* Build configuration list for PBXNativeTarget "FactoryMethod" */;
			buildPhases = (
				AB411CE6269F6CA0002A0F9F /* Sources */,
				AB411CE7269F6CA0002A0F9F /* Frameworks */,
				AB411CE8269F6CA0002A0F9F /* Resources */,
			);
			buildRules = (
			);
			dependencies = (
			);
			name = FactoryMethod;
			productName = FactoryMethod;
			productReference = AB411CEA269F6CA0002A0F9F /* FactoryMethod.app */;
			productType = "com.apple.product-type.application";
		};
/* End PBXNativeTarget section */

/* Begin PBXProject section */
		AB411CE2269F6CA0002A0F9F /* Project object */ = {
			isa = PBXProject;
			attributes = {
				LastSwiftUpdateCheck = 1240;
				LastUpgradeCheck = 1240;
				TargetAttributes = {
					AB411CE9269F6CA0002A0F9F = {
						CreatedOnToolsVersion = 12.4;
					};
				};
			};
			buildConfigurationList = AB411CE5269F6CA0002A0F9F /* Build configuration list for PBXProject "FactoryMethod" */;
			compatibilityVersion = "Xcode 9.3";
			developmentRegion = en;
			hasScannedForEncodings = 0;
			knownRegions = (
				en,
				Base,
			);
			mainGroup = AB411CE1269F6CA0002A0F9F;
			productRefGroup = AB411CEB269F6CA0002A0F9F /* Products */;
			projectDirPath = "";
			projectRoot = "";
			targets = (
				AB411CE9269F6CA0002A0F9F /* FactoryMethod */,
			);
		};
/* End PBXProject section */

/* Begin PBXResourcesBuildPhase section */
		AB411CE8269F6CA0002A0F9F /* Resources */ = {
			isa = PBXResourcesBuildPhase;
			buildActionMask = 2147483647;
			files = (
				AB411CFA269F6CA3002A0F9F /* LaunchScreen.storyboard in Resources */,
				AB411CF7269F6CA3002A0F9F /* Assets.xcassets in Resources */,
				AB411CF5269F6CA0002A0F9F /* Main.storyboard in Resources */,
			);
			runOnlyForDeploymentPostprocessing = 0;
		};
/* End PBXResourcesBuildPhase section */

/* Begin PBXSourcesBuildPhase section */
		AB411CE6269F6CA0002A0F9F /* Sources */ = {
			isa = PBXSourcesBuildPhase;
			buildActionMask = 2147483647;
			files = (
				AB411CF2269F6CA0002A0F9F /* ViewController.swift in Sources */,
				AB411D09269F6DAB002A0F9F /* Squarts.swift in Sources */,
				AB411D03269F6CF8002A0F9F /* Exercise.swift in Sources */,
				AB411CEE269F6CA0002A0F9F /* AppDelegate.swift in Sources */,
				AB411D06269F6D45002A0F9F /* Jumping.swift in Sources */,
				AB411CF0269F6CA0002A0F9F /* SceneDelegate.swift in Sources */,
				AB411D0D269F6E34002A0F9F /* FactoryExercise.swift in Sources */,
			);
			runOnlyForDeploymentPostprocessing = 0;
		};
/* End PBXSourcesBuildPhase section */

/* Begin PBXVariantGroup section */
		AB411CF3269F6CA0002A0F9F /* Main.storyboard */ = {
			isa = PBXVariantGroup;
			children = (
				AB411CF4269F6CA0002A0F9F /* Base */,
			);
			name = Main.storyboard;
			sourceTree = "<group>";
		};
		AB411CF8269F6CA3002A0F9F /* LaunchScreen.storyboard */ = {
			isa = PBXVariantGroup;
			children = (
				AB411CF9269F6CA3002A0F9F /* Base */,
			);
			name = LaunchScreen.storyboard;
			sourceTree = "<group>";
		};
/* End PBXVariantGroup section */

/* Begin XCBuildConfiguration section */
		AB411CFC269F6CA3002A0F9F /* Debug */ = {
			isa = XCBuildConfiguration;
			buildSettings = {
				ALWAYS_SEARCH_USER_PATHS = NO;
				CLANG_ANALYZER_NONNULL = YES;
				CLANG_ANALYZER_NUMBER_OBJECT_CONVERSION = YES_AGGRESSIVE;
				CLANG_CXX_LANGUAGE_STANDARD = "gnu++14";
				CLANG_CXX_LIBRARY = "libc++";
				CLANG_ENABLE_MODULES = YES;
				CLANG_ENABLE_OBJC_ARC = YES;
				CLANG_ENABLE_OBJC_WEAK = YES;
				CLANG_WARN_BLOCK_CAPTURE_AUTORELEASING = YES;
				CLANG_WARN_BOOL_CONVERSION = YES;
				CLANG_WARN_COMMA = YES;
				CLANG_WARN_CONSTANT_CONVERSION = YES;
				CLANG_WARN_DEPRECATED_OBJC_IMPLEMENTATIONS = YES;
				CLANG_WARN_DIRECT_OBJC_ISA_USAGE = YES_ERROR;
				CLANG_WARN_DOCUMENTATION_COMMENTS = YES;
				CLANG_WARN_EMPTY_BODY = YES;
				CLANG_WARN_ENUM_CONVERSION = YES;
				CLANG_WARN_INFINITE_RECURSION = YES;
				CLANG_WARN_INT_CONVERSION = YES;
				CLANG_WARN_NON_LITERAL_NULL_CONVERSION = YES;
				CLANG_WARN_OBJC_IMPLICIT_RETAIN_SELF = YES;
				CLANG_WARN_OBJC_LITERAL_CONVERSION = YES;
				CLANG_WARN_OBJC_ROOT_CLASS = YES_ERROR;
				CLANG_WARN_QUOTED_INCLUDE_IN_FRAMEWORK_HEADER = YES;
				CLANG_WARN_RANGE_LOOP_ANALYSIS = YES;
				CLANG_WARN_STRICT_PROTOTYPES = YES;
				CLANG_WARN_SUSPICIOUS_MOVE = YES;
				CLANG_WARN_UNGUARDED_AVAILABILITY = YES_AGGRESSIVE;
				CLANG_WARN_UNREACHABLE_CODE = YES;
				CLANG_WARN__DUPLICATE_METHOD_MATCH = YES;
				COPY_PHASE_STRIP = NO;
				DEBUG_INFORMATION_FORMAT = dwarf;
				ENABLE_STRICT_OBJC_MSGSEND = YES;
				ENABLE_TESTABILITY = YES;
				GCC_C_LANGUAGE_STANDARD = gnu11;
				GCC_DYNAMIC_NO_PIC = NO;
				GCC_NO_COMMON_BLOCKS = YES;
				GCC_OPTIMIZATION_LEVEL = 0;
				GCC_PREPROCESSOR_DEFINITIONS = (
					"DEBUG=1",
					"$(inherited)",
				);
				GCC_WARN_64_TO_32_BIT_CONVERSION = YES;
				GCC_WARN_ABOUT_RETURN_TYPE = YES_ERROR;
				GCC_WARN_UNDECLARED_SELECTOR = YES;
				GCC_WARN_UNINITIALIZED_AUTOS = YES_AGGRESSIVE;
				GCC_WARN_UNUSED_FUNCTION = YES;
				GCC_WARN_UNUSED_VARIABLE = YES;
				IPHONEOS_DEPLOYMENT_TARGET = 14.4;
				MTL_ENABLE_DEBUG_INFO = INCLUDE_SOURCE;
				MTL_FAST_MATH = YES;
				ONLY_ACTIVE_ARCH = YES;
				SDKROOT = iphoneos;
				SWIFT_ACTIVE_COMPILATION_CONDITIONS = DEBUG;
				SWIFT_OPTIMIZATION_LEVEL = "-Onone";
			};
			name = Debug;
		};
		AB411CFD269F6CA3002A0F9F /* Release */ = {
			isa = XCBuildConfiguration;
			buildSettings = {
				ALWAYS_SEARCH_USER_PATHS = NO;
				CLANG_ANALYZER_NONNULL = YES;
				CLANG_ANALYZER_NUMBER_OBJECT_CONVERSION = YES_AGGRESSIVE;
				CLANG_CXX_LANGUAGE_STANDARD = "gnu++14";
				CLANG_CXX_LIBRARY = "libc++";
				CLANG_ENABLE_MODULES = YES;
				CLANG_ENABLE_OBJC_ARC = YES;
				CLANG_ENABLE_OBJC_WEAK = YES;
				CLANG_WARN_BLOCK_CAPTURE_AUTORELEASING = YES;
				CLANG_WARN_BOOL_CONVERSION = YES;
				CLANG_WARN_COMMA = YES;
				CLANG_WARN_CONSTANT_CONVERSION = YES;
				CLANG_WARN_DEPRECATED_OBJC_IMPLEMENTATIONS = YES;
				CLANG_WARN_DIRECT_OBJC_ISA_USAGE = YES_ERROR;
				CLANG_WARN_DOCUMENTATION_COMMENTS = YES;
				CLANG_WARN_EMPTY_BODY = YES;
				CLANG_WARN_ENUM_CONVERSION = YES;
				CLANG_WARN_INFINITE_RECURSION = YES;
				CLANG_WARN_INT_CONVERSION = YES;
				CLANG_WARN_NON_LITERAL_NULL_CONVERSION = YES;
				CLANG_WARN_OBJC_IMPLICIT_RETAIN_SELF = YES;
				CLANG_WARN_OBJC_LITERAL_CONVERSION = YES;
				CLANG_WARN_OBJC_ROOT_CLASS = YES_ERROR;
				CLANG_WARN_QUOTED_INCLUDE_IN_FRAMEWORK_HEADER = YES;
				CLANG_WARN_RANGE_LOOP_ANALYSIS = YES;
				CLANG_WARN_STRICT_PROTOTYPES = YES;
				CLANG_WARN_SUSPICIOUS_MOVE = YES;
				CLANG_WARN_UNGUARDED_AVAILABILITY = YES_AGGRESSIVE;
				CLANG_WARN_UNREACHABLE_CODE = YES;
				CLANG_WARN__DUPLICATE_METHOD_MATCH = YES;
				COPY_PHASE_STRIP = NO;
				DEBUG_INFORMATION_FORMAT = "dwarf-with-dsym";
				ENABLE_NS_ASSERTIONS = NO;
				ENABLE_STRICT_OBJC_MSGSEND = YES;
				GCC_C_LANGUAGE_STANDARD = gnu11;
				GCC_NO_COMMON_BLOCKS = YES;
				GCC_WARN_64_TO_32_BIT_CONVERSION = YES;
				GCC_WARN_ABOUT_RETURN_TYPE = YES_ERROR;
				GCC_WARN_UNDECLARED_SELECTOR = YES;
				GCC_WARN_UNINITIALIZED_AUTOS = YES_AGGRESSIVE;
				GCC_WARN_UNUSED_FUNCTION = YES;
				GCC_WARN_UNUSED_VARIABLE = YES;
				IPHONEOS_DEPLOYMENT_TARGET = 14.4;
				MTL_ENABLE_DEBUG_INFO = NO;
				MTL_FAST_MATH = YES;
				SDKROOT = iphoneos;
				SWIFT_COMPILATION_MODE = wholemodule;
				SWIFT_OPTIMIZATION_LEVEL = "-O";
				VALIDATE_PRODUCT = YES;
			};
			name = Release;
		};
		AB411CFF269F6CA3002A0F9F /* Debug */ = {
			isa = XCBuildConfiguration;
			buildSettings = {
				ASSETCATALOG_COMPILER_APPICON_NAME = AppIcon;
				ASSETCATALOG_COMPILER_GLOBAL_ACCENT_COLOR_NAME = AccentColor;
				CODE_SIGN_STYLE = Automatic;
				DEVELOPMENT_TEAM = 2KRRAMT3WK;
				INFOPLIST_FILE = FactoryMethod/Info.plist;
				LD_RUNPATH_SEARCH_PATHS = (
					"$(inherited)",
					"@executable_path/Frameworks",
				);
				PRODUCT_BUNDLE_IDENTIFIER = com.neosoft.FactoryMethod;
				PRODUCT_NAME = "$(TARGET_NAME)";
				SWIFT_VERSION = 5.0;
				TARGETED_DEVICE_FAMILY = "1,2";
			};
			name = Debug;
		};
		AB411D00269F6CA3002A0F9F /* Release */ = {
			isa = XCBuildConfiguration;
			buildSettings = {
				ASSETCATALOG_COMPILER_APPICON_NAME = AppIcon;
				ASSETCATALOG_COMPILER_GLOBAL_ACCENT_COLOR_NAME = AccentColor;
				CODE_SIGN_STYLE = Automatic;
				DEVELOPMENT_TEAM = 2KRRAMT3WK;
				INFOPLIST_FILE = FactoryMethod/Info.plist;
				LD_RUNPATH_SEARCH_PATHS = (
					"$(inherited)",
					"@executable_path/Frameworks",
				);
				PRODUCT_BUNDLE_IDENTIFIER = com.neosoft.FactoryMethod;
				PRODUCT_NAME = "$(TARGET_NAME)";
				SWIFT_VERSION = 5.0;
				TARGETED_DEVICE_FAMILY = "1,2";
			};
			name = Release;
		};
/* End XCBuildConfiguration section */

/* Begin XCConfigurationList section */
		AB411CE5269F6CA0002A0F9F /* Build configuration list for PBXProject "FactoryMethod" */ = {
			isa = XCConfigurationList;
			buildConfigurations = (
				AB411CFC269F6CA3002A0F9F /* Debug */,
				AB411CFD269F6CA3002A0F9F /* Release */,
			);
			defaultConfigurationIsVisible = 0;
			defaultConfigurationName = Release;
		};
		AB411CFE269F6CA3002A0F9F /* Build configuration list for PBXNativeTarget "FactoryMethod" */ = {
			isa = XCConfigurationList;
			buildConfigurations = (
				AB411CFF269F6CA3002A0F9F /* Debug */,
				AB411D00269F6CA3002A0F9F /* Release */,
			);
			defaultConfigurationIsVisible = 0;
			defaultConfigurationName = Release;
		};
/* End XCConfigurationList section */
	};
	rootObject = AB411CE2269F6CA0002A0F9F /* Project object */;
}
